
Microsoft Visual Studio Solution File, Format Version 12.00
# Visual Studio 14
VisualStudioVersion = 14.0.25123.0
MinimumVisualStudioVersion = 10.0.40219.1
Project("{FAE04EC0-301F-11D3-BF4B-00C04F79EFBC}") = "EventMgtSys", "EventMgtSys\EventMgtSys.csproj", "{13C31E8C-0787-4352-86B0-6E902FD909BA}"
EndProject
Global
	GlobalSection(SolutionConfigurationPlatforms) = preSolution
		Debug|Any CPU = Debug|Any CPU
		Release|Any CPU = Release|Any CPU
	EndGlobalSection
	GlobalSection(ProjectConfigurationPlatforms) = postSolution
		{13C31E8C-0787-4352-86B0-6E902FD909BA}.Debug|Any CPU.ActiveCfg = Debug|Any CPU
		{13C31E8C-0787-4352-86B0-6E902FD909BA}.Debug|Any CPU.Build.0 = Debug|Any CPU
		{13C31E8C-0787-4352-86B0-6E902FD909BA}.Release|Any CPU.ActiveCfg = Release|Any CPU
		{13C31E8C-0787-4352-86B0-6E902FD909BA}.Release|Any CPU.Build.0 = Release|Any CPU
	EndGlobalSection
	GlobalSection(SolutionProperties) = preSolution
		HideSolutionNode = FALSE
	EndGlobalSection
EndGlobal
